
Microsoft Visual Studio Solution File, Format Version 12.00
# Visual Studio 2017
Project("{FAE04EC0-301F-11D3-BF4B-00C04F79EFBC}") = "InSiteLac", "InSiteLac.csproj", "{C7D496BF-6E24-DD66-9435-9523F7FFE559}"
EndProject
Project("{FAE04EC0-301F-11D3-BF4B-00C04F79EFBC}") = "InSiteLac.Editor", "InSiteLac.Editor.csproj", "{D73C5D9E-A87C-69B5-BEFE-E343FEDBFCB2}"
EndProject
Global
	GlobalSection(SolutionConfigurationPlatforms) = preSolution
		Debug|Any CPU = Debug|Any CPU
		Release|Any CPU = Release|Any CPU
	EndGlobalSection
	GlobalSection(ProjectConfigurationPlatforms) = postSolution
		{C7D496BF-6E24-DD66-9435-9523F7FFE559}.Debug|Any CPU.ActiveCfg = Debug|Any CPU
		{C7D496BF-6E24-DD66-9435-9523F7FFE559}.Debug|Any CPU.Build.0 = Debug|Any CPU
		{C7D496BF-6E24-DD66-9435-9523F7FFE559}.Release|Any CPU.ActiveCfg = Release|Any CPU
		{C7D496BF-6E24-DD66-9435-9523F7FFE559}.Release|Any CPU.Build.0 = Release|Any CPU
		{D73C5D9E-A87C-69B5-BEFE-E343FEDBFCB2}.Debug|Any CPU.ActiveCfg = Debug|Any CPU
		{D73C5D9E-A87C-69B5-BEFE-E343FEDBFCB2}.Debug|Any CPU.Build.0 = Debug|Any CPU
		{D73C5D9E-A87C-69B5-BEFE-E343FEDBFCB2}.Release|Any CPU.ActiveCfg = Release|Any CPU
		{D73C5D9E-A87C-69B5-BEFE-E343FEDBFCB2}.Release|Any CPU.Build.0 = Release|Any CPU
	EndGlobalSection
	GlobalSection(SolutionProperties) = preSolution
		HideSolutionNode = FALSE
	EndGlobalSection
EndGlobal
