
Microsoft Visual Studio Solution File, Format Version 11.00
# Visual Studio 2010
Project("{FAE04EC0-301F-11D3-BF4B-00C04F79EFBC}") = "PMMX v2", "Assembly-CSharp.csproj", "{350EAE0A-8F67-698E-83DB-2AE25640766E}"
EndProject
Project("{FAE04EC0-301F-11D3-BF4B-00C04F79EFBC}") = "PMMX v2", "Assembly-CSharp-Editor.csproj", "{BF0E958B-A35C-AD2E-9375-F59A430201A7}"
EndProject
Global
	GlobalSection(SolutionConfigurationPlatforms) = preSolution
		Debug|Any CPU = Debug|Any CPU
		Release|Any CPU = Release|Any CPU
	EndGlobalSection
	GlobalSection(ProjectConfigurationPlatforms) = postSolution
		{350EAE0A-8F67-698E-83DB-2AE25640766E}.Debug|Any CPU.ActiveCfg = Debug|Any CPU
		{350EAE0A-8F67-698E-83DB-2AE25640766E}.Debug|Any CPU.Build.0 = Debug|Any CPU
		{350EAE0A-8F67-698E-83DB-2AE25640766E}.Release|Any CPU.ActiveCfg = Release|Any CPU
		{350EAE0A-8F67-698E-83DB-2AE25640766E}.Release|Any CPU.Build.0 = Release|Any CPU
		{BF0E958B-A35C-AD2E-9375-F59A430201A7}.Debug|Any CPU.ActiveCfg = Debug|Any CPU
		{BF0E958B-A35C-AD2E-9375-F59A430201A7}.Debug|Any CPU.Build.0 = Debug|Any CPU
		{BF0E958B-A35C-AD2E-9375-F59A430201A7}.Release|Any CPU.ActiveCfg = Release|Any CPU
		{BF0E958B-A35C-AD2E-9375-F59A430201A7}.Release|Any CPU.Build.0 = Release|Any CPU
	EndGlobalSection
	GlobalSection(SolutionProperties) = preSolution
		HideSolutionNode = FALSE
	EndGlobalSection
	GlobalSection(MonoDevelopProperties) = preSolution
		StartupItem = Assembly-CSharp.csproj
	EndGlobalSection
EndGlobal
